
Microsoft Visual Studio Solution File, Format Version 12.00
# Visual Studio 14
VisualStudioVersion = 14.0.25420.1
MinimumVisualStudioVersion = 10.0.40219.1
Project("{FAE04EC0-301F-11D3-BF4B-00C04F79EFBC}") = "PageSpeedInsight", "PageSpeedInsight\PageSpeedInsight.csproj", "{68C5AF5D-A3DF-459B-9820-9F10AF9989F3}"
EndProject
Project("{FAE04EC0-301F-11D3-BF4B-00C04F79EFBC}") = "PageSpeedInsight.Tests", "PageSpeedInsight.Tests\PageSpeedInsight.Tests.csproj", "{8550602A-6723-41F2-91E6-D1C439657CE4}"
EndProject
Global
	GlobalSection(SolutionConfigurationPlatforms) = preSolution
		Debug|Any CPU = Debug|Any CPU
		Release|Any CPU = Release|Any CPU
	EndGlobalSection
	GlobalSection(ProjectConfigurationPlatforms) = postSolution
		{68C5AF5D-A3DF-459B-9820-9F10AF9989F3}.Debug|Any CPU.ActiveCfg = Debug|Any CPU
		{68C5AF5D-A3DF-459B-9820-9F10AF9989F3}.Debug|Any CPU.Build.0 = Debug|Any CPU
		{68C5AF5D-A3DF-459B-9820-9F10AF9989F3}.Release|Any CPU.ActiveCfg = Release|Any CPU
		{68C5AF5D-A3DF-459B-9820-9F10AF9989F3}.Release|Any CPU.Build.0 = Release|Any CPU
		{8550602A-6723-41F2-91E6-D1C439657CE4}.Debug|Any CPU.ActiveCfg = Debug|Any CPU
		{8550602A-6723-41F2-91E6-D1C439657CE4}.Debug|Any CPU.Build.0 = Debug|Any CPU
		{8550602A-6723-41F2-91E6-D1C439657CE4}.Release|Any CPU.ActiveCfg = Release|Any CPU
		{8550602A-6723-41F2-91E6-D1C439657CE4}.Release|Any CPU.Build.0 = Release|Any CPU
	EndGlobalSection
	GlobalSection(SolutionProperties) = preSolution
		HideSolutionNode = FALSE
	EndGlobalSection
EndGlobal
